# This file is automatically @generated by Cargo.
# It is not intended for manual editing.
version = 4

[[package]]
name = "amazon-ecs-cni-plugins"
version = "0.1.0"
dependencies = [
 "glibc",
]

[[package]]
name = "amazon-ssm-agent"
version = "0.1.0"
dependencies = [
 "glibc",
]

[[package]]
name = "amazon-vpc-cni-plugins"
version = "0.1.0"
dependencies = [
 "glibc",
]

[[package]]
name = "aws-iam-authenticator"
version = "0.1.0"
dependencies = [
 "glibc",
]

[[package]]
name = "aws-otel-collector"
version = "0.1.0"
dependencies = [
 "glibc",
]

[[package]]
name = "aws-signing-helper"
version = "0.1.0"
dependencies = [
 "glibc",
]

[[package]]
name = "bash"
version = "0.1.0"
dependencies = [
 "glibc",
 "libncurses",
 "readline",
]

[[package]]
name = "binutils"
version = "0.1.0"
dependencies = [
 "glibc",
 "libz",
]

[[package]]
name = "bottlerocket-core-kit"
version = "0.1.0"
dependencies = [
 "amazon-ecs-cni-plugins",
 "amazon-ssm-agent",
 "amazon-vpc-cni-plugins",
 "aws-iam-authenticator",
 "aws-otel-collector",
 "aws-signing-helper",
 "bash",
 "binutils",
 "chrony",
 "cni",
 "cni-plugins",
 "conntrack-tools",
 "containerd-1_7",
 "containerd-2_0",
 "containerd-2_1",
 "coreutils",
 "dbus-broker",
 "docker-cli-25",
 "docker-cli-29",
 "docker-engine-25",
 "docker-engine-29",
 "docker-init",
 "e2fsprogs",
 "early-boot-config",
 "ecr-credential-provider-1_28",
 "ecr-credential-provider-1_29",
 "ecr-credential-provider-1_30",
 "ecr-credential-provider-1_31",
 "ecr-credential-provider-1_32",
 "ecr-credential-provider-1_33",
 "ecr-credential-provider-1_34",
 "ecs-agent",
 "ecs-gpu-init",
 "ethtool",
 "filesystem",
 "findutils",
 "glibc",
 "grep",
 "host-ctr",
 "iproute",
 "iptables",
 "iputils",
 "kexec-tools",
 "keyutils",
 "kmod",
 "kubernetes-1_28",
 "kubernetes-1_29",
 "kubernetes-1_30",
 "kubernetes-1_31",
 "kubernetes-1_32",
 "kubernetes-1_33",
 "kubernetes-1_34",
 "libacl",
 "libaio",
 "libattr",
 "libaudit",
 "libbpf",
 "libcap",
 "libcrypto",
 "libcryptsetup",
 "libdevmapper",
 "libelf",
 "libexpat",
 "libffi",
 "libgcc",
 "libglib",
 "libinih",
 "libisal",
 "libjansson",
 "libjson-c",
 "libmnl",
 "libncurses",
 "libnetfilter_conntrack",
 "libnetfilter_cthelper",
 "libnetfilter_cttimeout",
 "libnetfilter_queue",
 "libnfnetlink",
 "libnftnl",
 "libnl",
 "libnvidia-container",
 "libnvme",
 "libpcre",
 "libpopt",
 "libseccomp",
 "libselinux",
 "libsemanage",
 "libsepol",
 "libstd-rust",
 "libtirpc",
 "libtss2",
 "liburcu",
 "libxcrypt",
 "libz",
 "libzstd",
 "login",
 "makedumpfile",
 "mdadm",
 "netdog",
 "nftables",
 "nvidia-container-toolkit",
 "nvidia-k8s-device-plugin",
 "nvme-cli",
 "open-vm-tools",
 "os",
 "pciutils",
 "pigz",
 "policycoreutils",
 "procps",
 "rdma-core",
 "readline",
 "release",
 "runc",
 "selinux-policy",
 "socat",
 "soci-snapshotter",
 "static-pods",
 "strace",
 "systemd-252",
 "systemd-257",
 "tpm2-tools",
 "util-linux",
 "xfsprogs",
]

[[package]]
name = "chrony"
version = "0.1.0"
dependencies = [
 "glibc",
 "libcap",
 "libncurses",
 "libseccomp",
 "readline",
]

[[package]]
name = "cni"
version = "0.1.0"
dependencies = [
 "glibc",
]

[[package]]
name = "cni-plugins"
version = "0.1.0"
dependencies = [
 "glibc",
]

[[package]]
name = "conntrack-tools"
version = "0.1.0"
dependencies = [
 "glibc",
 "libmnl",
 "libnetfilter_conntrack",
 "libnetfilter_cthelper",
 "libnetfilter_cttimeout",
 "libnetfilter_queue",
 "libnfnetlink",
]

[[package]]
name = "containerd-1_7"
version = "0.1.0"
dependencies = [
 "glibc",
]

[[package]]
name = "containerd-2_0"
version = "0.1.0"
dependencies = [
 "glibc",
]

[[package]]
name = "containerd-2_1"
version = "0.1.0"
dependencies = [
 "glibc",
]

[[package]]
name = "coreutils"
version = "0.1.0"
dependencies = [
 "glibc",
 "libacl",
 "libattr",
 "libcap",
 "libselinux",
 "libxcrypt",
]

[[package]]
name = "dbus-broker"
version = "0.1.0"
dependencies = [
 "glibc",
 "libexpat",
 "libselinux",
 "systemd-252",
]

[[package]]
name = "docker-cli-25"
version = "0.1.0"
dependencies = [
 "glibc",
]

[[package]]
name = "docker-cli-29"
version = "0.1.0"
dependencies = [
 "glibc",
]

[[package]]
name = "docker-engine-25"
version = "0.1.0"
dependencies = [
 "glibc",
 "libseccomp",
 "systemd-252",
]

[[package]]
name = "docker-engine-29"
version = "0.1.0"
dependencies = [
 "glibc",
 "libseccomp",
 "nftables",
 "systemd-252",
]

[[package]]
name = "docker-init"
version = "0.1.0"
dependencies = [
 "glibc",
]

[[package]]
name = "e2fsprogs"
version = "0.1.0"
dependencies = [
 "glibc",
 "util-linux",
]

[[package]]
name = "early-boot-config"
version = "0.1.0"
dependencies = [
 "glibc",
]

[[package]]
name = "ecr-credential-provider-1_28"
version = "0.1.0"
dependencies = [
 "glibc",
]

[[package]]
name = "ecr-credential-provider-1_29"
version = "0.1.0"
dependencies = [
 "glibc",
]

[[package]]
name = "ecr-credential-provider-1_30"
version = "0.1.0"
dependencies = [
 "glibc",
]

[[package]]
name = "ecr-credential-provider-1_31"
version = "0.1.0"
dependencies = [
 "glibc",
]

[[package]]
name = "ecr-credential-provider-1_32"
version = "0.1.0"
dependencies = [
 "glibc",
]

[[package]]
name = "ecr-credential-provider-1_33"
version = "0.1.0"
dependencies = [
 "glibc",
]

[[package]]
name = "ecr-credential-provider-1_34"
version = "0.1.0"
dependencies = [
 "glibc",
]

[[package]]
name = "ecs-agent"
version = "0.1.0"
dependencies = [
 "glibc",
]

[[package]]
name = "ecs-gpu-init"
version = "0.1.0"
dependencies = [
 "glibc",
]

[[package]]
name = "ethtool"
version = "0.1.0"
dependencies = [
 "glibc",
 "libmnl",
]

[[package]]
name = "filesystem"
version = "0.1.0"

[[package]]
name = "findutils"
version = "0.1.0"
dependencies = [
 "glibc",
 "libselinux",
]

[[package]]
name = "glibc"
version = "0.1.0"

[[package]]
name = "grep"
version = "0.1.0"
dependencies = [
 "glibc",
 "libpcre",
]

[[package]]
name = "host-ctr"
version = "0.1.0"
dependencies = [
 "glibc",
]

[[package]]
name = "iproute"
version = "0.1.0"
dependencies = [
 "glibc",
 "libcap",
 "libmnl",
 "libselinux",
]

[[package]]
name = "iptables"
version = "0.1.0"
dependencies = [
 "glibc",
 "libmnl",
 "libnetfilter_conntrack",
 "libnfnetlink",
 "libnftnl",
]

[[package]]
name = "iputils"
version = "0.1.0"
dependencies = [
 "glibc",
 "libcap",
]

[[package]]
name = "kexec-tools"
version = "0.1.0"
dependencies = [
 "glibc",
 "libzstd",
]

[[package]]
name = "keyutils"
version = "0.1.0"
dependencies = [
 "glibc",
]

[[package]]
name = "kmod"
version = "0.1.0"
dependencies = [
 "glibc",
 "libz",
 "libzstd",
]

[[package]]
name = "kubernetes-1_28"
version = "0.1.0"
dependencies = [
 "glibc",
]

[[package]]
name = "kubernetes-1_29"
version = "0.1.0"
dependencies = [
 "glibc",
]

[[package]]
name = "kubernetes-1_30"
version = "0.1.0"
dependencies = [
 "glibc",
]

[[package]]
name = "kubernetes-1_31"
version = "0.1.0"
dependencies = [
 "glibc",
]

[[package]]
name = "kubernetes-1_32"
version = "0.1.0"
dependencies = [
 "glibc",
]

[[package]]
name = "kubernetes-1_33"
version = "0.1.0"
dependencies = [
 "glibc",
]

[[package]]
name = "kubernetes-1_34"
version = "0.1.0"
dependencies = [
 "glibc",
]

[[package]]
name = "libacl"
version = "0.1.0"
dependencies = [
 "glibc",
 "libattr",
]

[[package]]
name = "libaio"
version = "0.1.0"
dependencies = [
 "glibc",
]

[[package]]
name = "libattr"
version = "0.1.0"
dependencies = [
 "glibc",
]

[[package]]
name = "libaudit"
version = "0.1.0"
dependencies = [
 "glibc",
]

[[package]]
name = "libbpf"
version = "0.1.0"
dependencies = [
 "glibc",
 "libelf",
 "libz",
]

[[package]]
name = "libcap"
version = "0.1.0"
dependencies = [
 "glibc",
 "libattr",
]

[[package]]
name = "libcrypto"
version = "0.1.0"
dependencies = [
 "glibc",
]

[[package]]
name = "libcryptsetup"
version = "0.1.0"
dependencies = [
 "glibc",
 "libcrypto",
 "libdevmapper",
 "libjson-c",
 "libpopt",
 "libselinux",
 "util-linux",
]

[[package]]
name = "libdevmapper"
version = "0.1.0"
dependencies = [
 "glibc",
 "libaio",
 "libselinux",
 "libudev",
 "util-linux",
]

[[package]]
name = "libelf"
version = "0.1.0"
dependencies = [
 "glibc",
 "libz",
]

[[package]]
name = "libexpat"
version = "0.1.0"
dependencies = [
 "glibc",
]

[[package]]
name = "libffi"
version = "0.1.0"
dependencies = [
 "glibc",
]

[[package]]
name = "libgcc"
version = "0.1.0"

[[package]]
name = "libglib"
version = "0.1.0"
dependencies = [
 "glibc",
 "libffi",
 "libpcre",
 "libselinux",
 "libz",
 "util-linux",
]

[[package]]
name = "libinih"
version = "0.1.0"
dependencies = [
 "glibc",
]

[[package]]
name = "libisal"
version = "0.1.0"
dependencies = [
 "glibc",
]

[[package]]
name = "libjansson"
version = "2.14.1"
dependencies = [
 "glibc",
]

[[package]]
name = "libjson-c"
version = "0.1.0"
dependencies = [
 "glibc",
]

[[package]]
name = "libmnl"
version = "0.1.0"
dependencies = [
 "glibc",
]

[[package]]
name = "libncurses"
version = "0.1.0"
dependencies = [
 "glibc",
]

[[package]]
name = "libnetfilter_conntrack"
version = "0.1.0"
dependencies = [
 "glibc",
 "libmnl",
 "libnfnetlink",
]

[[package]]
name = "libnetfilter_cthelper"
version = "0.1.0"
dependencies = [
 "glibc",
 "libmnl",
]

[[package]]
name = "libnetfilter_cttimeout"
version = "0.1.0"
dependencies = [
 "glibc",
 "libmnl",
]

[[package]]
name = "libnetfilter_queue"
version = "0.1.0"
dependencies = [
 "glibc",
 "libmnl",
 "libnfnetlink",
]

[[package]]
name = "libnfnetlink"
version = "0.1.0"
dependencies = [
 "glibc",
]

[[package]]
name = "libnftnl"
version = "0.1.0"
dependencies = [
 "glibc",
 "libmnl",
]

[[package]]
name = "libnl"
version = "0.1.0"
dependencies = [
 "glibc",
]

[[package]]
name = "libnvidia-container"
version = "0.1.0"
dependencies = [
 "glibc",
 "libcap",
 "libelf",
 "libseccomp",
 "libtirpc",
]

[[package]]
name = "libnvme"
version = "0.1.0"
dependencies = [
 "glibc",
]

[[package]]
name = "libpcre"
version = "0.1.0"
dependencies = [
 "glibc",
]

[[package]]
name = "libpopt"
version = "0.1.0"
dependencies = [
 "glibc",
]

[[package]]
name = "libseccomp"
version = "0.1.0"
dependencies = [
 "glibc",
]

[[package]]
name = "libselinux"
version = "0.1.0"
dependencies = [
 "glibc",
 "libpcre",
 "libsepol",
]

[[package]]
name = "libsemanage"
version = "0.1.0"
dependencies = [
 "glibc",
 "libaudit",
 "libselinux",
 "libsepol",
]

[[package]]
name = "libsepol"
version = "0.1.0"
dependencies = [
 "glibc",
]

[[package]]
name = "libstd-rust"
version = "0.1.0"

[[package]]
name = "libtirpc"
version = "0.1.0"
dependencies = [
 "glibc",
]

[[package]]
name = "libtss2"
version = "0.1.0"
dependencies = [
 "glibc",
 "libcrypto",
]

[[package]]
name = "libudev"
version = "0.1.0"
dependencies = [
 "glibc",
 "kmod",
 "libacl",
 "libattr",
 "libcap",
 "libseccomp",
 "libselinux",
 "libxcrypt",
 "util-linux",
]

[[package]]
name = "liburcu"
version = "0.1.0"
dependencies = [
 "glibc",
]

[[package]]
name = "libxcrypt"
version = "0.1.0"
dependencies = [
 "glibc",
]

[[package]]
name = "libz"
version = "0.1.0"
dependencies = [
 "glibc",
]

[[package]]
name = "libzstd"
version = "0.1.0"
dependencies = [
 "glibc",
]

[[package]]
name = "login"
version = "0.0.1"
dependencies = [
 "glibc",
]

[[package]]
name = "makedumpfile"
version = "0.1.0"
dependencies = [
 "glibc",
 "libelf",
 "libz",
]

[[package]]
name = "mdadm"
version = "0.1.0"
dependencies = [
 "glibc",
 "systemd-252",
]

[[package]]
name = "netdog"
version = "0.1.0"
dependencies = [
 "glibc",
]

[[package]]
name = "nftables"
version = "0.1.0"
dependencies = [
 "glibc",
 "iptables",
 "libjansson",
 "libmnl",
 "libnftnl",
 "readline",
]

[[package]]
name = "nvidia-container-toolkit"
version = "0.1.0"
dependencies = [
 "glibc",
 "libnvidia-container",
]

[[package]]
name = "nvidia-k8s-device-plugin"
version = "0.1.0"
dependencies = [
 "glibc",
]

[[package]]
name = "nvme-cli"
version = "0.1.0"
dependencies = [
 "glibc",
 "libjson-c",
 "libnvme",
]

[[package]]
name = "open-vm-tools"
version = "0.1.0"
dependencies = [
 "glibc",
 "libglib",
 "libtirpc",
 "libxcrypt",
]

[[package]]
name = "os"
version = "0.1.0"
dependencies = [
 "glibc",
]

[[package]]
name = "pciutils"
version = "0.1.0"
dependencies = [
 "glibc",
]

[[package]]
name = "pigz"
version = "0.1.0"
dependencies = [
 "glibc",
 "libz",
]

[[package]]
name = "policycoreutils"
version = "0.1.0"
dependencies = [
 "glibc",
 "libselinux",
 "libsemanage",
 "libsepol",
]

[[package]]
name = "procps"
version = "0.1.0"
dependencies = [
 "glibc",
 "libselinux",
]

[[package]]
name = "rdma-core"
version = "0.1.0"
dependencies = [
 "glibc",
 "libnl",
]

[[package]]
name = "readline"
version = "0.1.0"
dependencies = [
 "glibc",
 "libncurses",
]

[[package]]
name = "release"
version = "0.0.0"

[[package]]
name = "runc"
version = "0.1.0"
dependencies = [
 "glibc",
 "libseccomp",
]

[[package]]
name = "selinux-policy"
version = "0.1.0"

[[package]]
name = "socat"
version = "0.1.0"
dependencies = [
 "glibc",
]

[[package]]
name = "soci-snapshotter"
version = "0.1.0"
dependencies = [
 "glibc",
 "libz",
]

[[package]]
name = "static-pods"
version = "0.1.0"
dependencies = [
 "glibc",
]

[[package]]
name = "strace"
version = "0.1.0"
dependencies = [
 "glibc",
]

[[package]]
name = "systemd-252"
version = "0.1.0"
dependencies = [
 "glibc",
 "kmod",
 "libacl",
 "libattr",
 "libcap",
 "libcrypto",
 "libcryptsetup",
 "libseccomp",
 "libselinux",
 "libtss2",
 "libxcrypt",
 "util-linux",
]

[[package]]
name = "systemd-257"
version = "0.1.0"
dependencies = [
 "glibc",
 "kmod",
 "libacl",
 "libattr",
 "libcap",
 "libcrypto",
 "libcryptsetup",
 "libseccomp",
 "libselinux",
 "libtss2",
 "libxcrypt",
 "util-linux",
]

[[package]]
name = "tpm2-tools"
version = "0.1.0"
dependencies = [
 "glibc",
 "libtss2",
]

[[package]]
name = "util-linux"
version = "0.1.0"
dependencies = [
 "glibc",
 "libacl",
 "libncurses",
 "libselinux",
 "libxcrypt",
]

[[package]]
name = "xfsprogs"
version = "0.1.0"
dependencies = [
 "glibc",
 "libinih",
 "liburcu",
 "util-linux",
]
