schema-version = 1
release-version = "2.3.0"
kit = []
digest = "mVTPtGJs7HIhZyNfCyIo7znO4ZHU3IxQFcXLsObga14="

[sdk]
name = "bottlerocket-sdk"
version = "0.43.0"
vendor = "bottlerocket"
source = "public.ecr.aws/bottlerocket/bottlerocket-sdk:v0.43.0"
digest = "1zKyWC/pXdpzKfNj1Xp1YvEWdyltI7EhAeiNwlikBz8="
