schema-version = 1
release-version = "2.1.1"
kit = []
digest = "8NVY4kTJODINxCvkP7u+ELgFqqyxjuRLCcVacJ6xhgs="

[sdk]
name = "bottlerocket-sdk"
version = "0.42.0"
vendor = "bottlerocket"
source = "public.ecr.aws/bottlerocket/bottlerocket-sdk:v0.42.0"
digest = "+Cu8yFgnaFYG5ZQ0eZWRndXxHTLEAR58EhZITbJinLI="
