schema-version = 1
release-version = "2.3.3"
kit = []
digest = "z2+QgOZ5LxN6ZLmMnhedFyXmXme29zQnavYauqHUP+Y="

[sdk]
name = "bottlerocket-sdk"
version = "0.43.0"
vendor = "bottlerocket"
source = "public.ecr.aws/bottlerocket/bottlerocket-sdk:v0.43.0"
digest = "1zKyWC/pXdpzKfNj1Xp1YvEWdyltI7EhAeiNwlikBz8="
